
Microsoft Visual Studio Solution File, Format Version 12.00
# Visual Studio 15
VisualStudioVersion = 15.0.28307.1705
MinimumVisualStudioVersion = 10.0.40219.1
Project("{FAE04EC0-301F-11D3-BF4B-00C04F79EFBC}") = "Yayacc", "Yayacc\Yayacc.csproj", "{D507DE01-0AB1-445F-88D2-9A7A247B1C66}"
EndProject
Global
	GlobalSection(SolutionConfigurationPlatforms) = preSolution
		Debug|Any CPU = Debug|Any CPU
		Release|Any CPU = Release|Any CPU
	EndGlobalSection
	GlobalSection(ProjectConfigurationPlatforms) = postSolution
		{D507DE01-0AB1-445F-88D2-9A7A247B1C66}.Debug|Any CPU.ActiveCfg = Debug|Any CPU
		{D507DE01-0AB1-445F-88D2-9A7A247B1C66}.Debug|Any CPU.Build.0 = Debug|Any CPU
		{D507DE01-0AB1-445F-88D2-9A7A247B1C66}.Release|Any CPU.ActiveCfg = Release|Any CPU
		{D507DE01-0AB1-445F-88D2-9A7A247B1C66}.Release|Any CPU.Build.0 = Release|Any CPU
	EndGlobalSection
	GlobalSection(SolutionProperties) = preSolution
		HideSolutionNode = FALSE
	EndGlobalSection
	GlobalSection(ExtensibilityGlobals) = postSolution
		SolutionGuid = {41F78A43-497F-40B4-84E4-BA6978D19A38}
	EndGlobalSection
EndGlobal
